
Microsoft Visual Studio Solution File, Format Version 12.00
# Visual Studio Version 16
VisualStudioVersion = 16.0.30309.148
MinimumVisualStudioVersion = 10.0.40219.1
Project("{FAE04EC0-301F-11D3-BF4B-00C04F79EFBC}") = "FirebaseStoragePathManagerDll", "FirebaseStoragePathManagerDll.csproj", "{6683B414-BA8F-4343-B055-8960E34C73CE}"
EndProject
Global
	GlobalSection(SolutionConfigurationPlatforms) = preSolution
		Debug|Any CPU = Debug|Any CPU
		Release|Any CPU = Release|Any CPU
	EndGlobalSection
	GlobalSection(ProjectConfigurationPlatforms) = postSolution
		{6683B414-BA8F-4343-B055-8960E34C73CE}.Debug|Any CPU.ActiveCfg = Debug|Any CPU
		{6683B414-BA8F-4343-B055-8960E34C73CE}.Debug|Any CPU.Build.0 = Debug|Any CPU
		{6683B414-BA8F-4343-B055-8960E34C73CE}.Release|Any CPU.ActiveCfg = Release|Any CPU
		{6683B414-BA8F-4343-B055-8960E34C73CE}.Release|Any CPU.Build.0 = Release|Any CPU
	EndGlobalSection
	GlobalSection(SolutionProperties) = preSolution
		HideSolutionNode = FALSE
	EndGlobalSection
	GlobalSection(ExtensibilityGlobals) = postSolution
		SolutionGuid = {964F57D1-C0AF-49AB-AE9F-C8597E393B7E}
	EndGlobalSection
EndGlobal
